
Microsoft Visual Studio Solution File, Format Version 12.00
# Visual Studio 15
VisualStudioVersion = 15.0.27428.1
MinimumVisualStudioVersion = 10.0.40219.1
Project("{888888A0-9F3D-457C-B088-3A5042F75D52}") = "DiscordGamblingBot", "DiscordGamblingBot\DiscordGamblingBot.pyproj", "{ABE2266B-4596-4282-BE5B-79DCFF8F919B}"
EndProject
Global
	GlobalSection(SolutionConfigurationPlatforms) = preSolution
		Debug|Any CPU = Debug|Any CPU
		Release|Any CPU = Release|Any CPU
	EndGlobalSection
	GlobalSection(ProjectConfigurationPlatforms) = postSolution
		{ABE2266B-4596-4282-BE5B-79DCFF8F919B}.Debug|Any CPU.ActiveCfg = Debug|Any CPU
		{ABE2266B-4596-4282-BE5B-79DCFF8F919B}.Release|Any CPU.ActiveCfg = Release|Any CPU
	EndGlobalSection
	GlobalSection(SolutionProperties) = preSolution
		HideSolutionNode = FALSE
	EndGlobalSection
	GlobalSection(ExtensibilityGlobals) = postSolution
		SolutionGuid = {0AFDB164-E3E8-410A-B848-B0EE1AEFA096}
	EndGlobalSection
EndGlobal
